// !$*UTF8*$!
{
	archiveVersion = 1;
	classes = {
	};
	objectVersion = 50;
	objects = {

/* Begin PBXBuildFile section */
		1D33CC6C21E8DD3D00CF2A8E /* SpeakersView.swift in Sources */ = {isa = PBXBuildFile; fileRef = 1D33CC6B21E8DD3D00CF2A8E /* SpeakersView.swift */; };
		1D33CC6E21E8DD6000CF2A8E /* SpeakersViewController.swift in Sources */ = {isa = PBXBuildFile; fileRef = 1D33CC6D21E8DD6000CF2A8E /* SpeakersViewController.swift */; };
		1D33CC7021EF635D00CF2A8E /* SpeakersCollectionViewCell.swift in Sources */ = {isa = PBXBuildFile; fileRef = 1D33CC6F21EF635D00CF2A8E /* SpeakersCollectionViewCell.swift */; };
		1D33CC7221EF65C700CF2A8E /* SpeakersCollectionView.swift in Sources */ = {isa = PBXBuildFile; fileRef = 1D33CC7121EF65C700CF2A8E /* SpeakersCollectionView.swift */; };
		1D33CC7421F8B69500CF2A8E /* SpeakersBioViewController.swift in Sources */ = {isa = PBXBuildFile; fileRef = 1D33CC7321F8B69500CF2A8E /* SpeakersBioViewController.swift */; };
		1D33CC7621F9747100CF2A8E /* SpeakersBioView.swift in Sources */ = {isa = PBXBuildFile; fileRef = 1D33CC7521F9747100CF2A8E /* SpeakersBioView.swift */; };
		1D33CC7821FF2EAD00CF2A8E /* WorkshopsView.swift in Sources */ = {isa = PBXBuildFile; fileRef = 1D33CC7721FF2EAD00CF2A8E /* WorkshopsView.swift */; };
		1D33CC7E21FF329800CF2A8E /* WorkshopsViewController.swift in Sources */ = {isa = PBXBuildFile; fileRef = 1D33CC7D21FF329800CF2A8E /* WorkshopsViewController.swift */; };
		1D33CC802200009100CF2A8E /* WorkshopsTableViewCell.swift in Sources */ = {isa = PBXBuildFile; fileRef = 1D33CC7F2200009100CF2A8E /* WorkshopsTableViewCell.swift */; };
		1D33CC84220F22EC00CF2A8E /* WorkshopPopOverView.swift in Sources */ = {isa = PBXBuildFile; fileRef = 1D33CC83220F22EC00CF2A8E /* WorkshopPopOverView.swift */; };
		1D33CC86220F2BC800CF2A8E /* UIView+AppHelper.swift in Sources */ = {isa = PBXBuildFile; fileRef = 1D33CC85220F2BC800CF2A8E /* UIView+AppHelper.swift */; };
		1D33CC882216F63D00CF2A8E /* WorkshopsInfoView.swift in Sources */ = {isa = PBXBuildFile; fileRef = 1D33CC872216F63D00CF2A8E /* WorkshopsInfoView.swift */; };
		1D33CC8A221707E000CF2A8E /* WorkshopsInfoViewController.swift in Sources */ = {isa = PBXBuildFile; fileRef = 1D33CC89221707E000CF2A8E /* WorkshopsInfoViewController.swift */; };
		1D368F2321DD0DDA00E59C6F /* MainTabBarController.swift in Sources */ = {isa = PBXBuildFile; fileRef = 1D368F2221DD0DDA00E59C6F /* MainTabBarController.swift */; };
		1D530CDE22733B5100EAB306 /* ScheduleListViewController.swift in Sources */ = {isa = PBXBuildFile; fileRef = 1D530CDD22733B5100EAB306 /* ScheduleListViewController.swift */; };
		1D530CE022733B7800EAB306 /* ScheduleListView.swift in Sources */ = {isa = PBXBuildFile; fileRef = 1D530CDF22733B7800EAB306 /* ScheduleListView.swift */; };
		1D530CE42273740E00EAB306 /* ScheduleTableViewCell.swift in Sources */ = {isa = PBXBuildFile; fileRef = 1D530CE32273740E00EAB306 /* ScheduleTableViewCell.swift */; };
		1D530CE82273EDEA00EAB306 /* GroupsView.swift in Sources */ = {isa = PBXBuildFile; fileRef = 1D530CE72273EDEA00EAB306 /* GroupsView.swift */; };
		1D530CEA227424A400EAB306 /* DelegateTableViewCell.swift in Sources */ = {isa = PBXBuildFile; fileRef = 1D530CE9227424A400EAB306 /* DelegateTableViewCell.swift */; };
		1D530CEC227437B600EAB306 /* DelegatesViewController.swift in Sources */ = {isa = PBXBuildFile; fileRef = 1D530CEB227437B600EAB306 /* DelegatesViewController.swift */; };
		1D530CEE227437CE00EAB306 /* DelegatesView.swift in Sources */ = {isa = PBXBuildFile; fileRef = 1D530CED227437CE00EAB306 /* DelegatesView.swift */; };
		1D530CF02274827600EAB306 /* DelegatesProfileView.swift in Sources */ = {isa = PBXBuildFile; fileRef = 1D530CEF2274827600EAB306 /* DelegatesProfileView.swift */; };
		1D530CF22274828F00EAB306 /* DelegatesProfileViewController.swift in Sources */ = {isa = PBXBuildFile; fileRef = 1D530CF12274828F00EAB306 /* DelegatesProfileViewController.swift */; };
		1D530CF42276EAFB00EAB306 /* YourProfileViewController.swift in Sources */ = {isa = PBXBuildFile; fileRef = 1D530CF32276EAFB00EAB306 /* YourProfileViewController.swift */; };
		1D530CF62276ED3500EAB306 /* YourProfileView.swift in Sources */ = {isa = PBXBuildFile; fileRef = 1D530CF52276ED3500EAB306 /* YourProfileView.swift */; };
		1D530CF822773AA700EAB306 /* Speaker.swift in Sources */ = {isa = PBXBuildFile; fileRef = 1D530CF722773AA700EAB306 /* Speaker.swift */; };
		1D530CFA22787F8B00EAB306 /* GlobalConstant.swift in Sources */ = {isa = PBXBuildFile; fileRef = 1D530CF922787F8B00EAB306 /* GlobalConstant.swift */; };
		1D530CFC227AF06000EAB306 /* Workshop.swift in Sources */ = {isa = PBXBuildFile; fileRef = 1D530CFB227AF06000EAB306 /* Workshop.swift */; };
		1D530CFE227C6C5D00EAB306 /* JSONCache.swift in Sources */ = {isa = PBXBuildFile; fileRef = 1D530CFD227C6C5D00EAB306 /* JSONCache.swift */; };
		1D530D00227D691A00EAB306 /* Schedule.swift in Sources */ = {isa = PBXBuildFile; fileRef = 1D530CFF227D691A00EAB306 /* Schedule.swift */; };
		1D530D02227DD56200EAB306 /* FamilyGroup.swift in Sources */ = {isa = PBXBuildFile; fileRef = 1D530D01227DD56200EAB306 /* FamilyGroup.swift */; };
		1D530D04227DED9000EAB306 /* Profile.swift in Sources */ = {isa = PBXBuildFile; fileRef = 1D530D03227DED9000EAB306 /* Profile.swift */; };
		1D530D062280213100EAB306 /* Country.swift in Sources */ = {isa = PBXBuildFile; fileRef = 1D530D052280213100EAB306 /* Country.swift */; };
		1D530D0822817C3000EAB306 /* DownloaderViewController.swift in Sources */ = {isa = PBXBuildFile; fileRef = 1D530D0722817C3000EAB306 /* DownloaderViewController.swift */; };
		1D530D0A2283136E00EAB306 /* MapView.swift in Sources */ = {isa = PBXBuildFile; fileRef = 1D530D092283136E00EAB306 /* MapView.swift */; };
		1D530D0C2283137E00EAB306 /* MapViewController.swift in Sources */ = {isa = PBXBuildFile; fileRef = 1D530D0B2283137E00EAB306 /* MapViewController.swift */; };
		1D530D0E22840BD900EAB306 /* MapLegendTableViewCell.swift in Sources */ = {isa = PBXBuildFile; fileRef = 1D530D0D22840BD900EAB306 /* MapLegendTableViewCell.swift */; };
		1D530D1222841E4C00EAB306 /* MapArea.swift in Sources */ = {isa = PBXBuildFile; fileRef = 1D530D1122841E4C00EAB306 /* MapArea.swift */; };
		1D530D142285B12300EAB306 /* MoreView.swift in Sources */ = {isa = PBXBuildFile; fileRef = 1D530D132285B12300EAB306 /* MoreView.swift */; };
		1D530D162285B15C00EAB306 /* MoreViewController.swift in Sources */ = {isa = PBXBuildFile; fileRef = 1D530D152285B15C00EAB306 /* MoreViewController.swift */; };
		1D530D182285B4E600EAB306 /* AboutViewController.swift in Sources */ = {isa = PBXBuildFile; fileRef = 1D530D172285B4E600EAB306 /* AboutViewController.swift */; };
		1D530D1A2285B4FD00EAB306 /* AboutView.swift in Sources */ = {isa = PBXBuildFile; fileRef = 1D530D192285B4FD00EAB306 /* AboutView.swift */; };
		1DB909DF217E0D5C000DF8B7 /* SlideMenuView.swift in Sources */ = {isa = PBXBuildFile; fileRef = 1DB909DE217E0D5C000DF8B7 /* SlideMenuView.swift */; };
		1DB909E2217E0D75000DF8B7 /* SlideMenuViewController.swift in Sources */ = {isa = PBXBuildFile; fileRef = 1DB909E1217E0D75000DF8B7 /* SlideMenuViewController.swift */; };
		1DB909E62185FC7A000DF8B7 /* FirstTimeUserViewController.swift in Sources */ = {isa = PBXBuildFile; fileRef = 1DB909E52185FC7A000DF8B7 /* FirstTimeUserViewController.swift */; };
		1DB909E82185FC8F000DF8B7 /* FirstTimeUserView.swift in Sources */ = {isa = PBXBuildFile; fileRef = 1DB909E72185FC8F000DF8B7 /* FirstTimeUserView.swift */; };
		1DB909EA2186140F000DF8B7 /* ApiManager.swift in Sources */ = {isa = PBXBuildFile; fileRef = 1DB909E92186140F000DF8B7 /* ApiManager.swift */; };
		1DB909EC21873724000DF8B7 /* User.swift in Sources */ = {isa = PBXBuildFile; fileRef = 1DB909EB21873724000DF8B7 /* User.swift */; };
		1DB909EE218C66A7000DF8B7 /* AppHelper.swift in Sources */ = {isa = PBXBuildFile; fileRef = 1DB909ED218C66A7000DF8B7 /* AppHelper.swift */; };
		1DB909F0218C6737000DF8B7 /* UIViewController+AppHelper.swift in Sources */ = {isa = PBXBuildFile; fileRef = 1DB909EF218C6737000DF8B7 /* UIViewController+AppHelper.swift */; };
		1DED0FE9226EB9220094E0F6 /* ScheduleViewController.swift in Sources */ = {isa = PBXBuildFile; fileRef = 1DED0FE8226EB9220094E0F6 /* ScheduleViewController.swift */; };
		1DED0FED226EC0FA0094E0F6 /* ScheduleView.swift in Sources */ = {isa = PBXBuildFile; fileRef = 1DED0FEC226EC0FA0094E0F6 /* ScheduleView.swift */; };
		1DED0FF0226EEFA90094E0F6 /* CommunityViewController.swift in Sources */ = {isa = PBXBuildFile; fileRef = 1DED0FEF226EEFA90094E0F6 /* CommunityViewController.swift */; };
		1DED0FF2226EEFF70094E0F6 /* CommunityView.swift in Sources */ = {isa = PBXBuildFile; fileRef = 1DED0FF1226EEFF70094E0F6 /* CommunityView.swift */; };
		1DED0FF4226EFAF80094E0F6 /* GroupsViewController.swift in Sources */ = {isa = PBXBuildFile; fileRef = 1DED0FF3226EFAF80094E0F6 /* GroupsViewController.swift */; };
		73012A53215C819000A90BAB /* LoginViewController.swift in Sources */ = {isa = PBXBuildFile; fileRef = 73012A52215C819000A90BAB /* LoginViewController.swift */; };
		73012A55215C81B300A90BAB /* LoginView.swift in Sources */ = {isa = PBXBuildFile; fileRef = 73012A54215C81B300A90BAB /* LoginView.swift */; };
		732146A7217437A000C09E8E /* DashboardButton.swift in Sources */ = {isa = PBXBuildFile; fileRef = 732146A6217437A000C09E8E /* DashboardButton.swift */; };
		733CA226214757AA0045A44A /* AppDelegate.swift in Sources */ = {isa = PBXBuildFile; fileRef = 733CA225214757AA0045A44A /* AppDelegate.swift */; };
		733CA228214757AA0045A44A /* ViewController.swift in Sources */ = {isa = PBXBuildFile; fileRef = 733CA227214757AA0045A44A /* ViewController.swift */; };
		733CA22B214757AA0045A44A /* Main.storyboard in Resources */ = {isa = PBXBuildFile; fileRef = 733CA229214757AA0045A44A /* Main.storyboard */; };
		733CA22D214757AC0045A44A /* Assets.xcassets in Resources */ = {isa = PBXBuildFile; fileRef = 733CA22C214757AC0045A44A /* Assets.xcassets */; };
		733CA230214757AC0045A44A /* LaunchScreen.storyboard in Resources */ = {isa = PBXBuildFile; fileRef = 733CA22E214757AC0045A44A /* LaunchScreen.storyboard */; };
		733CA238214758700045A44A /* HomeViewController.swift in Sources */ = {isa = PBXBuildFile; fileRef = 733CA237214758700045A44A /* HomeViewController.swift */; };
		733CA23A214758880045A44A /* HomeView.swift in Sources */ = {isa = PBXBuildFile; fileRef = 733CA239214758880045A44A /* HomeView.swift */; };
		73FA95A621634A8500D46F6B /* Fonts in Resources */ = {isa = PBXBuildFile; fileRef = 73FA95A0216348D200D46F6B /* Fonts */; };
		73FA95A8216B0AC900D46F6B /* ForgotPasswordView.swift in Sources */ = {isa = PBXBuildFile; fileRef = 73FA95A7216B0AC800D46F6B /* ForgotPasswordView.swift */; };
		73FA95AA216B0ADF00D46F6B /* ForgotPasswordViewController.swift in Sources */ = {isa = PBXBuildFile; fileRef = 73FA95A9216B0ADF00D46F6B /* ForgotPasswordViewController.swift */; };
		73FA95AE216B40EC00D46F6B /* Montserrat-Black.ttf in Resources */ = {isa = PBXBuildFile; fileRef = 73FA95AB216B40EC00D46F6B /* Montserrat-Black.ttf */; };
		73FA95AF216B40EC00D46F6B /* Montserrat-Bold.ttf in Resources */ = {isa = PBXBuildFile; fileRef = 73FA95AC216B40EC00D46F6B /* Montserrat-Bold.ttf */; };
		73FA95B0216B40EC00D46F6B /* Montserrat-Regular.ttf in Resources */ = {isa = PBXBuildFile; fileRef = 73FA95AD216B40EC00D46F6B /* Montserrat-Regular.ttf */; };
		73FA95B6216EDB1000D46F6B /* DashboardView.swift in Sources */ = {isa = PBXBuildFile; fileRef = 73FA95B5216EDB1000D46F6B /* DashboardView.swift */; };
		73FA95B8216EDB3200D46F6B /* DashboardViewController.swift in Sources */ = {isa = PBXBuildFile; fileRef = 73FA95B7216EDB3200D46F6B /* DashboardViewController.swift */; };
		CD9348F88D123BB8CF2AC825 /* Pods_iDiscipleApp.framework in Frameworks */ = {isa = PBXBuildFile; fileRef = 6343CB11802AB33AB5355D1D /* Pods_iDiscipleApp.framework */; };
/* End PBXBuildFile section */

/* Begin PBXFileReference section */
		1D33CC6B21E8DD3D00CF2A8E /* SpeakersView.swift */ = {isa = PBXFileReference; lastKnownFileType = sourcecode.swift; path = SpeakersView.swift; sourceTree = "<group>"; };
		1D33CC6D21E8DD6000CF2A8E /* SpeakersViewController.swift */ = {isa = PBXFileReference; lastKnownFileType = sourcecode.swift; path = SpeakersViewController.swift; sourceTree = "<group>"; };
		1D33CC6F21EF635D00CF2A8E /* SpeakersCollectionViewCell.swift */ = {isa = PBXFileReference; lastKnownFileType = sourcecode.swift; path = SpeakersCollectionViewCell.swift; sourceTree = "<group>"; };
		1D33CC7121EF65C700CF2A8E /* SpeakersCollectionView.swift */ = {isa = PBXFileReference; lastKnownFileType = sourcecode.swift; path = SpeakersCollectionView.swift; sourceTree = "<group>"; };
		1D33CC7321F8B69500CF2A8E /* SpeakersBioViewController.swift */ = {isa = PBXFileReference; lastKnownFileType = sourcecode.swift; path = SpeakersBioViewController.swift; sourceTree = "<group>"; };
		1D33CC7521F9747100CF2A8E /* SpeakersBioView.swift */ = {isa = PBXFileReference; lastKnownFileType = sourcecode.swift; path = SpeakersBioView.swift; sourceTree = "<group>"; };
		1D33CC7721FF2EAD00CF2A8E /* WorkshopsView.swift */ = {isa = PBXFileReference; lastKnownFileType = sourcecode.swift; path = WorkshopsView.swift; sourceTree = "<group>"; };
		1D33CC7D21FF329800CF2A8E /* WorkshopsViewController.swift */ = {isa = PBXFileReference; lastKnownFileType = sourcecode.swift; path = WorkshopsViewController.swift; sourceTree = "<group>"; };
		1D33CC7F2200009100CF2A8E /* WorkshopsTableViewCell.swift */ = {isa = PBXFileReference; lastKnownFileType = sourcecode.swift; path = WorkshopsTableViewCell.swift; sourceTree = "<group>"; };
		1D33CC83220F22EC00CF2A8E /* WorkshopPopOverView.swift */ = {isa = PBXFileReference; lastKnownFileType = sourcecode.swift; path = WorkshopPopOverView.swift; sourceTree = "<group>"; };
		1D33CC85220F2BC800CF2A8E /* UIView+AppHelper.swift */ = {isa = PBXFileReference; lastKnownFileType = sourcecode.swift; path = "UIView+AppHelper.swift"; sourceTree = "<group>"; };
		1D33CC872216F63D00CF2A8E /* WorkshopsInfoView.swift */ = {isa = PBXFileReference; lastKnownFileType = sourcecode.swift; path = WorkshopsInfoView.swift; sourceTree = "<group>"; };
		1D33CC89221707E000CF2A8E /* WorkshopsInfoViewController.swift */ = {isa = PBXFileReference; lastKnownFileType = sourcecode.swift; path = WorkshopsInfoViewController.swift; sourceTree = "<group>"; };
		1D368F2221DD0DDA00E59C6F /* MainTabBarController.swift */ = {isa = PBXFileReference; lastKnownFileType = sourcecode.swift; path = MainTabBarController.swift; sourceTree = "<group>"; };
		1D530CDD22733B5100EAB306 /* ScheduleListViewController.swift */ = {isa = PBXFileReference; lastKnownFileType = sourcecode.swift; path = ScheduleListViewController.swift; sourceTree = "<group>"; };
		1D530CDF22733B7800EAB306 /* ScheduleListView.swift */ = {isa = PBXFileReference; lastKnownFileType = sourcecode.swift; path = ScheduleListView.swift; sourceTree = "<group>"; };
		1D530CE32273740E00EAB306 /* ScheduleTableViewCell.swift */ = {isa = PBXFileReference; lastKnownFileType = sourcecode.swift; path = ScheduleTableViewCell.swift; sourceTree = "<group>"; };
		1D530CE72273EDEA00EAB306 /* GroupsView.swift */ = {isa = PBXFileReference; lastKnownFileType = sourcecode.swift; path = GroupsView.swift; sourceTree = "<group>"; };
		1D530CE9227424A400EAB306 /* DelegateTableViewCell.swift */ = {isa = PBXFileReference; lastKnownFileType = sourcecode.swift; path = DelegateTableViewCell.swift; sourceTree = "<group>"; };
		1D530CEB227437B600EAB306 /* DelegatesViewController.swift */ = {isa = PBXFileReference; lastKnownFileType = sourcecode.swift; path = DelegatesViewController.swift; sourceTree = "<group>"; };
		1D530CED227437CE00EAB306 /* DelegatesView.swift */ = {isa = PBXFileReference; lastKnownFileType = sourcecode.swift; path = DelegatesView.swift; sourceTree = "<group>"; };
		1D530CEF2274827600EAB306 /* DelegatesProfileView.swift */ = {isa = PBXFileReference; lastKnownFileType = sourcecode.swift; path = DelegatesProfileView.swift; sourceTree = "<group>"; };
		1D530CF12274828F00EAB306 /* DelegatesProfileViewController.swift */ = {isa = PBXFileReference; lastKnownFileType = sourcecode.swift; path = DelegatesProfileViewController.swift; sourceTree = "<group>"; };
		1D530CF32276EAFB00EAB306 /* YourProfileViewController.swift */ = {isa = PBXFileReference; lastKnownFileType = sourcecode.swift; path = YourProfileViewController.swift; sourceTree = "<group>"; };
		1D530CF52276ED3500EAB306 /* YourProfileView.swift */ = {isa = PBXFileReference; lastKnownFileType = sourcecode.swift; path = YourProfileView.swift; sourceTree = "<group>"; };
		1D530CF722773AA700EAB306 /* Speaker.swift */ = {isa = PBXFileReference; lastKnownFileType = sourcecode.swift; path = Speaker.swift; sourceTree = "<group>"; };
		1D530CF922787F8B00EAB306 /* GlobalConstant.swift */ = {isa = PBXFileReference; lastKnownFileType = sourcecode.swift; path = GlobalConstant.swift; sourceTree = "<group>"; };
		1D530CFB227AF06000EAB306 /* Workshop.swift */ = {isa = PBXFileReference; lastKnownFileType = sourcecode.swift; path = Workshop.swift; sourceTree = "<group>"; };
		1D530CFD227C6C5D00EAB306 /* JSONCache.swift */ = {isa = PBXFileReference; fileEncoding = 4; lastKnownFileType = sourcecode.swift; path = JSONCache.swift; sourceTree = "<group>"; };
		1D530CFF227D691A00EAB306 /* Schedule.swift */ = {isa = PBXFileReference; lastKnownFileType = sourcecode.swift; path = Schedule.swift; sourceTree = "<group>"; };
		1D530D01227DD56200EAB306 /* FamilyGroup.swift */ = {isa = PBXFileReference; lastKnownFileType = sourcecode.swift; path = FamilyGroup.swift; sourceTree = "<group>"; };
		1D530D03227DED9000EAB306 /* Profile.swift */ = {isa = PBXFileReference; lastKnownFileType = sourcecode.swift; path = Profile.swift; sourceTree = "<group>"; };
		1D530D052280213100EAB306 /* Country.swift */ = {isa = PBXFileReference; lastKnownFileType = sourcecode.swift; path = Country.swift; sourceTree = "<group>"; };
		1D530D0722817C3000EAB306 /* DownloaderViewController.swift */ = {isa = PBXFileReference; lastKnownFileType = sourcecode.swift; path = DownloaderViewController.swift; sourceTree = "<group>"; };
		1D530D092283136E00EAB306 /* MapView.swift */ = {isa = PBXFileReference; lastKnownFileType = sourcecode.swift; path = MapView.swift; sourceTree = "<group>"; };
		1D530D0B2283137E00EAB306 /* MapViewController.swift */ = {isa = PBXFileReference; lastKnownFileType = sourcecode.swift; path = MapViewController.swift; sourceTree = "<group>"; };
		1D530D0D22840BD900EAB306 /* MapLegendTableViewCell.swift */ = {isa = PBXFileReference; lastKnownFileType = sourcecode.swift; path = MapLegendTableViewCell.swift; sourceTree = "<group>"; };
		1D530D1122841E4C00EAB306 /* MapArea.swift */ = {isa = PBXFileReference; lastKnownFileType = sourcecode.swift; path = MapArea.swift; sourceTree = "<group>"; };
		1D530D132285B12300EAB306 /* MoreView.swift */ = {isa = PBXFileReference; lastKnownFileType = sourcecode.swift; path = MoreView.swift; sourceTree = "<group>"; };
		1D530D152285B15C00EAB306 /* MoreViewController.swift */ = {isa = PBXFileReference; lastKnownFileType = sourcecode.swift; path = MoreViewController.swift; sourceTree = "<group>"; };
		1D530D172285B4E600EAB306 /* AboutViewController.swift */ = {isa = PBXFileReference; lastKnownFileType = sourcecode.swift; path = AboutViewController.swift; sourceTree = "<group>"; };
		1D530D192285B4FD00EAB306 /* AboutView.swift */ = {isa = PBXFileReference; lastKnownFileType = sourcecode.swift; path = AboutView.swift; sourceTree = "<group>"; };
		1DB909DE217E0D5C000DF8B7 /* SlideMenuView.swift */ = {isa = PBXFileReference; lastKnownFileType = sourcecode.swift; path = SlideMenuView.swift; sourceTree = "<group>"; };
		1DB909E1217E0D75000DF8B7 /* SlideMenuViewController.swift */ = {isa = PBXFileReference; lastKnownFileType = sourcecode.swift; path = SlideMenuViewController.swift; sourceTree = "<group>"; };
		1DB909E52185FC7A000DF8B7 /* FirstTimeUserViewController.swift */ = {isa = PBXFileReference; lastKnownFileType = sourcecode.swift; path = FirstTimeUserViewController.swift; sourceTree = "<group>"; };
		1DB909E72185FC8F000DF8B7 /* FirstTimeUserView.swift */ = {isa = PBXFileReference; lastKnownFileType = sourcecode.swift; path = FirstTimeUserView.swift; sourceTree = "<group>"; };
		1DB909E92186140F000DF8B7 /* ApiManager.swift */ = {isa = PBXFileReference; lastKnownFileType = sourcecode.swift; path = ApiManager.swift; sourceTree = "<group>"; };
		1DB909EB21873724000DF8B7 /* User.swift */ = {isa = PBXFileReference; lastKnownFileType = sourcecode.swift; path = User.swift; sourceTree = "<group>"; };
		1DB909ED218C66A7000DF8B7 /* AppHelper.swift */ = {isa = PBXFileReference; lastKnownFileType = sourcecode.swift; path = AppHelper.swift; sourceTree = "<group>"; };
		1DB909EF218C6737000DF8B7 /* UIViewController+AppHelper.swift */ = {isa = PBXFileReference; lastKnownFileType = sourcecode.swift; path = "UIViewController+AppHelper.swift"; sourceTree = "<group>"; };
		1DED0FE8226EB9220094E0F6 /* ScheduleViewController.swift */ = {isa = PBXFileReference; lastKnownFileType = sourcecode.swift; path = ScheduleViewController.swift; sourceTree = "<group>"; };
		1DED0FEC226EC0FA0094E0F6 /* ScheduleView.swift */ = {isa = PBXFileReference; lastKnownFileType = sourcecode.swift; path = ScheduleView.swift; sourceTree = "<group>"; };
		1DED0FEF226EEFA90094E0F6 /* CommunityViewController.swift */ = {isa = PBXFileReference; lastKnownFileType = sourcecode.swift; path = CommunityViewController.swift; sourceTree = "<group>"; };
		1DED0FF1226EEFF70094E0F6 /* CommunityView.swift */ = {isa = PBXFileReference; lastKnownFileType = sourcecode.swift; path = CommunityView.swift; sourceTree = "<group>"; };
		1DED0FF3226EFAF80094E0F6 /* GroupsViewController.swift */ = {isa = PBXFileReference; lastKnownFileType = sourcecode.swift; path = GroupsViewController.swift; sourceTree = "<group>"; };
		5EA4A24F6EC0E790B38AE5AB /* Pods-iDiscipleApp.debug.xcconfig */ = {isa = PBXFileReference; includeInIndex = 1; lastKnownFileType = text.xcconfig; name = "Pods-iDiscipleApp.debug.xcconfig"; path = "Pods/Target Support Files/Pods-iDiscipleApp/Pods-iDiscipleApp.debug.xcconfig"; sourceTree = "<group>"; };
		6343CB11802AB33AB5355D1D /* Pods_iDiscipleApp.framework */ = {isa = PBXFileReference; explicitFileType = wrapper.framework; includeInIndex = 0; path = Pods_iDiscipleApp.framework; sourceTree = BUILT_PRODUCTS_DIR; };
		73012A52215C819000A90BAB /* LoginViewController.swift */ = {isa = PBXFileReference; lastKnownFileType = sourcecode.swift; path = LoginViewController.swift; sourceTree = "<group>"; };
		73012A54215C81B300A90BAB /* LoginView.swift */ = {isa = PBXFileReference; lastKnownFileType = sourcecode.swift; path = LoginView.swift; sourceTree = "<group>"; };
		732146A6217437A000C09E8E /* DashboardButton.swift */ = {isa = PBXFileReference; lastKnownFileType = sourcecode.swift; path = DashboardButton.swift; sourceTree = "<group>"; };
		733CA222214757AA0045A44A /* iDiscipleApp.app */ = {isa = PBXFileReference; explicitFileType = wrapper.application; includeInIndex = 0; path = iDiscipleApp.app; sourceTree = BUILT_PRODUCTS_DIR; };
		733CA225214757AA0045A44A /* AppDelegate.swift */ = {isa = PBXFileReference; lastKnownFileType = sourcecode.swift; path = AppDelegate.swift; sourceTree = "<group>"; };
		733CA227214757AA0045A44A /* ViewController.swift */ = {isa = PBXFileReference; lastKnownFileType = sourcecode.swift; path = ViewController.swift; sourceTree = "<group>"; };
		733CA22A214757AA0045A44A /* Base */ = {isa = PBXFileReference; lastKnownFileType = file.storyboard; name = Base; path = Base.lproj/Main.storyboard; sourceTree = "<group>"; };
		733CA22C214757AC0045A44A /* Assets.xcassets */ = {isa = PBXFileReference; lastKnownFileType = folder.assetcatalog; path = Assets.xcassets; sourceTree = "<group>"; };
		733CA22F214757AC0045A44A /* Base */ = {isa = PBXFileReference; lastKnownFileType = file.storyboard; name = Base; path = Base.lproj/LaunchScreen.storyboard; sourceTree = "<group>"; };
		733CA231214757AC0045A44A /* Info.plist */ = {isa = PBXFileReference; lastKnownFileType = text.plist.xml; path = Info.plist; sourceTree = "<group>"; };
		733CA237214758700045A44A /* HomeViewController.swift */ = {isa = PBXFileReference; lastKnownFileType = sourcecode.swift; path = HomeViewController.swift; sourceTree = "<group>"; };
		733CA239214758880045A44A /* HomeView.swift */ = {isa = PBXFileReference; lastKnownFileType = sourcecode.swift; path = HomeView.swift; sourceTree = "<group>"; };
		73FA95A0216348D200D46F6B /* Fonts */ = {isa = PBXFileReference; lastKnownFileType = folder; path = Fonts; sourceTree = "<group>"; };
		73FA95A7216B0AC800D46F6B /* ForgotPasswordView.swift */ = {isa = PBXFileReference; lastKnownFileType = sourcecode.swift; path = ForgotPasswordView.swift; sourceTree = "<group>"; };
		73FA95A9216B0ADF00D46F6B /* ForgotPasswordViewController.swift */ = {isa = PBXFileReference; lastKnownFileType = sourcecode.swift; path = ForgotPasswordViewController.swift; sourceTree = "<group>"; };
		73FA95AB216B40EC00D46F6B /* Montserrat-Black.ttf */ = {isa = PBXFileReference; lastKnownFileType = file; name = "Montserrat-Black.ttf"; path = "iDiscipleApp/Fonts/Montserrat-Black.ttf"; sourceTree = "<group>"; };
		73FA95AC216B40EC00D46F6B /* Montserrat-Bold.ttf */ = {isa = PBXFileReference; lastKnownFileType = file; name = "Montserrat-Bold.ttf"; path = "iDiscipleApp/Fonts/Montserrat-Bold.ttf"; sourceTree = "<group>"; };
		73FA95AD216B40EC00D46F6B /* Montserrat-Regular.ttf */ = {isa = PBXFileReference; lastKnownFileType = file; name = "Montserrat-Regular.ttf"; path = "iDiscipleApp/Fonts/Montserrat-Regular.ttf"; sourceTree = "<group>"; };
		73FA95B5216EDB1000D46F6B /* DashboardView.swift */ = {isa = PBXFileReference; lastKnownFileType = sourcecode.swift; path = DashboardView.swift; sourceTree = "<group>"; };
		73FA95B7216EDB3200D46F6B /* DashboardViewController.swift */ = {isa = PBXFileReference; lastKnownFileType = sourcecode.swift; path = DashboardViewController.swift; sourceTree = "<group>"; };
		8A677C7C27A2039E276CE408 /* Pods-iDiscipleApp.release.xcconfig */ = {isa = PBXFileReference; includeInIndex = 1; lastKnownFileType = text.xcconfig; name = "Pods-iDiscipleApp.release.xcconfig"; path = "Pods/Target Support Files/Pods-iDiscipleApp/Pods-iDiscipleApp.release.xcconfig"; sourceTree = "<group>"; };
/* End PBXFileReference section */

/* Begin PBXFrameworksBuildPhase section */
		733CA21F214757AA0045A44A /* Frameworks */ = {
			isa = PBXFrameworksBuildPhase;
			buildActionMask = 2147483647;
			files = (
				CD9348F88D123BB8CF2AC825 /* Pods_iDiscipleApp.framework in Frameworks */,
			);
			runOnlyForDeploymentPostprocessing = 0;
		};
/* End PBXFrameworksBuildPhase section */

/* Begin PBXGroup section */
		1D33CC7A21FF311E00CF2A8E /* Speakers Tab */ = {
			isa = PBXGroup;
			children = (
				1D33CC6B21E8DD3D00CF2A8E /* SpeakersView.swift */,
				1D33CC6D21E8DD6000CF2A8E /* SpeakersViewController.swift */,
				1D33CC7121EF65C700CF2A8E /* SpeakersCollectionView.swift */,
				1D33CC6F21EF635D00CF2A8E /* SpeakersCollectionViewCell.swift */,
				1D33CC7521F9747100CF2A8E /* SpeakersBioView.swift */,
				1D33CC7321F8B69500CF2A8E /* SpeakersBioViewController.swift */,
			);
			path = "Speakers Tab";
			sourceTree = "<group>";
		};
		1D33CC7C21FF315300CF2A8E /* Workshops Tab */ = {
			isa = PBXGroup;
			children = (
				1D33CC7721FF2EAD00CF2A8E /* WorkshopsView.swift */,
				1D33CC7D21FF329800CF2A8E /* WorkshopsViewController.swift */,
				1D33CC7F2200009100CF2A8E /* WorkshopsTableViewCell.swift */,
				1D33CC83220F22EC00CF2A8E /* WorkshopPopOverView.swift */,
				1D33CC872216F63D00CF2A8E /* WorkshopsInfoView.swift */,
				1D33CC89221707E000CF2A8E /* WorkshopsInfoViewController.swift */,
			);
			path = "Workshops Tab";
			sourceTree = "<group>";
		};
		1D530CE62273ED2600EAB306 /* Community Tab */ = {
			isa = PBXGroup;
			children = (
				1DED0FF1226EEFF70094E0F6 /* CommunityView.swift */,
				1DED0FEF226EEFA90094E0F6 /* CommunityViewController.swift */,
				1D530CE72273EDEA00EAB306 /* GroupsView.swift */,
				1DED0FF3226EFAF80094E0F6 /* GroupsViewController.swift */,
				1D530CE9227424A400EAB306 /* DelegateTableViewCell.swift */,
				1D530CED227437CE00EAB306 /* DelegatesView.swift */,
				1D530CEB227437B600EAB306 /* DelegatesViewController.swift */,
				1D530CEF2274827600EAB306 /* DelegatesProfileView.swift */,
				1D530CF12274828F00EAB306 /* DelegatesProfileViewController.swift */,
			);
			path = "Community Tab";
			sourceTree = "<group>";
		};
		1DED0FEE226EEF080094E0F6 /* Schedule Tab */ = {
			isa = PBXGroup;
			children = (
				1DED0FEC226EC0FA0094E0F6 /* ScheduleView.swift */,
				1DED0FE8226EB9220094E0F6 /* ScheduleViewController.swift */,
				1D530CDF22733B7800EAB306 /* ScheduleListView.swift */,
				1D530CDD22733B5100EAB306 /* ScheduleListViewController.swift */,
				1D530CE32273740E00EAB306 /* ScheduleTableViewCell.swift */,
			);
			path = "Schedule Tab";
			sourceTree = "<group>";
		};
		733CA219214757AA0045A44A = {
			isa = PBXGroup;
			children = (
				73FA95AB216B40EC00D46F6B /* Montserrat-Black.ttf */,
				73FA95AC216B40EC00D46F6B /* Montserrat-Bold.ttf */,
				73FA95AD216B40EC00D46F6B /* Montserrat-Regular.ttf */,
				733CA224214757AA0045A44A /* iDiscipleApp */,
				733CA223214757AA0045A44A /* Products */,
				FE0BE9D4DBE3B6AEAD5A9383 /* Pods */,
				7EE619AA97CCB8472D61E7B7 /* Frameworks */,
			);
			sourceTree = "<group>";
		};
		733CA223214757AA0045A44A /* Products */ = {
			isa = PBXGroup;
			children = (
				733CA222214757AA0045A44A /* iDiscipleApp.app */,
			);
			name = Products;
			sourceTree = "<group>";
		};
		733CA224214757AA0045A44A /* iDiscipleApp */ = {
			isa = PBXGroup;
			children = (
				733CA225214757AA0045A44A /* AppDelegate.swift */,
				1DB909E92186140F000DF8B7 /* ApiManager.swift */,
				1D530CFD227C6C5D00EAB306 /* JSONCache.swift */,
				1D530D0722817C3000EAB306 /* DownloaderViewController.swift */,
				73012A54215C81B300A90BAB /* LoginView.swift */,
				73012A52215C819000A90BAB /* LoginViewController.swift */,
				1DB909E72185FC8F000DF8B7 /* FirstTimeUserView.swift */,
				1DB909E52185FC7A000DF8B7 /* FirstTimeUserViewController.swift */,
				73FA95A7216B0AC800D46F6B /* ForgotPasswordView.swift */,
				73FA95A9216B0ADF00D46F6B /* ForgotPasswordViewController.swift */,
				1D368F2221DD0DDA00E59C6F /* MainTabBarController.swift */,
				1D530D092283136E00EAB306 /* MapView.swift */,
				1D530D0D22840BD900EAB306 /* MapLegendTableViewCell.swift */,
				1D530D0B2283137E00EAB306 /* MapViewController.swift */,
				1D530CF52276ED3500EAB306 /* YourProfileView.swift */,
				1D530CF32276EAFB00EAB306 /* YourProfileViewController.swift */,
				1D33CC7A21FF311E00CF2A8E /* Speakers Tab */,
				1D33CC7C21FF315300CF2A8E /* Workshops Tab */,
				1DED0FEE226EEF080094E0F6 /* Schedule Tab */,
				1D530CE62273ED2600EAB306 /* Community Tab */,
				1D530D132285B12300EAB306 /* MoreView.swift */,
				1D530D152285B15C00EAB306 /* MoreViewController.swift */,
				1D530D192285B4FD00EAB306 /* AboutView.swift */,
				1D530D172285B4E600EAB306 /* AboutViewController.swift */,
				732146A6217437A000C09E8E /* DashboardButton.swift */,
				73FA95B5216EDB1000D46F6B /* DashboardView.swift */,
				73FA95B7216EDB3200D46F6B /* DashboardViewController.swift */,
				1DB909DE217E0D5C000DF8B7 /* SlideMenuView.swift */,
				1DB909E1217E0D75000DF8B7 /* SlideMenuViewController.swift */,
				733CA239214758880045A44A /* HomeView.swift */,
				733CA237214758700045A44A /* HomeViewController.swift */,
				733CA227214757AA0045A44A /* ViewController.swift */,
				1DB909ED218C66A7000DF8B7 /* AppHelper.swift */,
				1DB909EF218C6737000DF8B7 /* UIViewController+AppHelper.swift */,
				1D33CC85220F2BC800CF2A8E /* UIView+AppHelper.swift */,
				1DB909EB21873724000DF8B7 /* User.swift */,
				1D530CF722773AA700EAB306 /* Speaker.swift */,
				1D530D03227DED9000EAB306 /* Profile.swift */,
				1D530CFB227AF06000EAB306 /* Workshop.swift */,
				1D530CFF227D691A00EAB306 /* Schedule.swift */,
				1D530D01227DD56200EAB306 /* FamilyGroup.swift */,
				1D530D052280213100EAB306 /* Country.swift */,
				1D530D1122841E4C00EAB306 /* MapArea.swift */,
				1D530CF922787F8B00EAB306 /* GlobalConstant.swift */,
				73FA95A0216348D200D46F6B /* Fonts */,
				733CA229214757AA0045A44A /* Main.storyboard */,
				733CA22C214757AC0045A44A /* Assets.xcassets */,
				733CA22E214757AC0045A44A /* LaunchScreen.storyboard */,
				733CA231214757AC0045A44A /* Info.plist */,
			);
			path = iDiscipleApp;
			sourceTree = "<group>";
		};
		7EE619AA97CCB8472D61E7B7 /* Frameworks */ = {
			isa = PBXGroup;
			children = (
				6343CB11802AB33AB5355D1D /* Pods_iDiscipleApp.framework */,
			);
			name = Frameworks;
			sourceTree = "<group>";
		};
		FE0BE9D4DBE3B6AEAD5A9383 /* Pods */ = {
			isa = PBXGroup;
			children = (
				5EA4A24F6EC0E790B38AE5AB /* Pods-iDiscipleApp.debug.xcconfig */,
				8A677C7C27A2039E276CE408 /* Pods-iDiscipleApp.release.xcconfig */,
			);
			name = Pods;
			sourceTree = "<group>";
		};
/* End PBXGroup section */

/* Begin PBXNativeTarget section */
		733CA221214757AA0045A44A /* iDiscipleApp */ = {
			isa = PBXNativeTarget;
			buildConfigurationList = 733CA234214757AC0045A44A /* Build configuration list for PBXNativeTarget "iDiscipleApp" */;
			buildPhases = (
				E7CBF079F70AD809E7CFE0FB /* [CP] Check Pods Manifest.lock */,
				733CA21E214757AA0045A44A /* Sources */,
				733CA21F214757AA0045A44A /* Frameworks */,
				733CA220214757AA0045A44A /* Resources */,
				B379BDF24B6850556FE17BCD /* [CP] Embed Pods Frameworks */,
			);
			buildRules = (
			);
			dependencies = (
			);
			name = iDiscipleApp;
			productName = iDiscipleApp;
			productReference = 733CA222214757AA0045A44A /* iDiscipleApp.app */;
			productType = "com.apple.product-type.application";
		};
/* End PBXNativeTarget section */

/* Begin PBXProject section */
		733CA21A214757AA0045A44A /* Project object */ = {
			isa = PBXProject;
			attributes = {
				LastSwiftUpdateCheck = 0940;
				LastUpgradeCheck = 0940;
				TargetAttributes = {
					733CA221214757AA0045A44A = {
						CreatedOnToolsVersion = 9.4.1;
						LastSwiftMigration = 1020;
					};
				};
			};
			buildConfigurationList = 733CA21D214757AA0045A44A /* Build configuration list for PBXProject "iDiscipleApp" */;
			compatibilityVersion = "Xcode 9.3";
			developmentRegion = en;
			hasScannedForEncodings = 0;
			knownRegions = (
				en,
				Base,
			);
			mainGroup = 733CA219214757AA0045A44A;
			productRefGroup = 733CA223214757AA0045A44A /* Products */;
			projectDirPath = "";
			projectRoot = "";
			targets = (
				733CA221214757AA0045A44A /* iDiscipleApp */,
			);
		};
/* End PBXProject section */

/* Begin PBXResourcesBuildPhase section */
		733CA220214757AA0045A44A /* Resources */ = {
			isa = PBXResourcesBuildPhase;
			buildActionMask = 2147483647;
			files = (
				73FA95AE216B40EC00D46F6B /* Montserrat-Black.ttf in Resources */,
				73FA95AF216B40EC00D46F6B /* Montserrat-Bold.ttf in Resources */,
				73FA95B0216B40EC00D46F6B /* Montserrat-Regular.ttf in Resources */,
				73FA95A621634A8500D46F6B /* Fonts in Resources */,
				733CA230214757AC0045A44A /* LaunchScreen.storyboard in Resources */,
				733CA22D214757AC0045A44A /* Assets.xcassets in Resources */,
				733CA22B214757AA0045A44A /* Main.storyboard in Resources */,
			);
			runOnlyForDeploymentPostprocessing = 0;
		};
/* End PBXResourcesBuildPhase section */

/* Begin PBXShellScriptBuildPhase section */
		B379BDF24B6850556FE17BCD /* [CP] Embed Pods Frameworks */ = {
			isa = PBXShellScriptBuildPhase;
			buildActionMask = 2147483647;
			files = (
			);
			inputPaths = (
				"${SRCROOT}/Pods/Target Support Files/Pods-iDiscipleApp/Pods-iDiscipleApp-frameworks.sh",
				"${BUILT_PRODUCTS_DIR}/Alamofire/Alamofire.framework",
				"${BUILT_PRODUCTS_DIR}/Kingfisher/Kingfisher.framework",
				"${BUILT_PRODUCTS_DIR}/Popover/Popover.framework",
				"${BUILT_PRODUCTS_DIR}/PureLayout/PureLayout.framework",
				"${BUILT_PRODUCTS_DIR}/SideMenu/SideMenu.framework",
				"${BUILT_PRODUCTS_DIR}/SwiftyJSON/SwiftyJSON.framework",
				"${BUILT_PRODUCTS_DIR}/XLPagerTabStrip/XLPagerTabStrip.framework",
			);
			name = "[CP] Embed Pods Frameworks";
			outputPaths = (
				"${TARGET_BUILD_DIR}/${FRAMEWORKS_FOLDER_PATH}/Alamofire.framework",
				"${TARGET_BUILD_DIR}/${FRAMEWORKS_FOLDER_PATH}/Kingfisher.framework",
				"${TARGET_BUILD_DIR}/${FRAMEWORKS_FOLDER_PATH}/Popover.framework",
				"${TARGET_BUILD_DIR}/${FRAMEWORKS_FOLDER_PATH}/PureLayout.framework",
				"${TARGET_BUILD_DIR}/${FRAMEWORKS_FOLDER_PATH}/SideMenu.framework",
				"${TARGET_BUILD_DIR}/${FRAMEWORKS_FOLDER_PATH}/SwiftyJSON.framework",
				"${TARGET_BUILD_DIR}/${FRAMEWORKS_FOLDER_PATH}/XLPagerTabStrip.framework",
			);
			runOnlyForDeploymentPostprocessing = 0;
			shellPath = /bin/sh;
			shellScript = "\"${SRCROOT}/Pods/Target Support Files/Pods-iDiscipleApp/Pods-iDiscipleApp-frameworks.sh\"\n";
			showEnvVarsInLog = 0;
		};
		E7CBF079F70AD809E7CFE0FB /* [CP] Check Pods Manifest.lock */ = {
			isa = PBXShellScriptBuildPhase;
			buildActionMask = 2147483647;
			files = (
			);
			inputPaths = (
				"${PODS_PODFILE_DIR_PATH}/Podfile.lock",
				"${PODS_ROOT}/Manifest.lock",
			);
			name = "[CP] Check Pods Manifest.lock";
			outputPaths = (
				"$(DERIVED_FILE_DIR)/Pods-iDiscipleApp-checkManifestLockResult.txt",
			);
			runOnlyForDeploymentPostprocessing = 0;
			shellPath = /bin/sh;
			shellScript = "diff \"${PODS_PODFILE_DIR_PATH}/Podfile.lock\" \"${PODS_ROOT}/Manifest.lock\" > /dev/null\nif [ $? != 0 ] ; then\n    # print error to STDERR\n    echo \"error: The sandbox is not in sync with the Podfile.lock. Run 'pod install' or update your CocoaPods installation.\" >&2\n    exit 1\nfi\n# This output is used by Xcode 'outputs' to avoid re-running this script phase.\necho \"SUCCESS\" > \"${SCRIPT_OUTPUT_FILE_0}\"\n";
			showEnvVarsInLog = 0;
		};
/* End PBXShellScriptBuildPhase section */

/* Begin PBXSourcesBuildPhase section */
		733CA21E214757AA0045A44A /* Sources */ = {
			isa = PBXSourcesBuildPhase;
			buildActionMask = 2147483647;
			files = (
				1DED0FF2226EEFF70094E0F6 /* CommunityView.swift in Sources */,
				1DB909EA2186140F000DF8B7 /* ApiManager.swift in Sources */,
				1D530CE82273EDEA00EAB306 /* GroupsView.swift in Sources */,
				1D530CE42273740E00EAB306 /* ScheduleTableViewCell.swift in Sources */,
				1D33CC7021EF635D00CF2A8E /* SpeakersCollectionViewCell.swift in Sources */,
				1D530D162285B15C00EAB306 /* MoreViewController.swift in Sources */,
				1D33CC7421F8B69500CF2A8E /* SpeakersBioViewController.swift in Sources */,
				73FA95AA216B0ADF00D46F6B /* ForgotPasswordViewController.swift in Sources */,
				1D530D062280213100EAB306 /* Country.swift in Sources */,
				1D530CF822773AA700EAB306 /* Speaker.swift in Sources */,
				1DED0FF4226EFAF80094E0F6 /* GroupsViewController.swift in Sources */,
				1D530CDE22733B5100EAB306 /* ScheduleListViewController.swift in Sources */,
				1D530CF42276EAFB00EAB306 /* YourProfileViewController.swift in Sources */,
				1D33CC6E21E8DD6000CF2A8E /* SpeakersViewController.swift in Sources */,
				1D530D00227D691A00EAB306 /* Schedule.swift in Sources */,
				1DED0FED226EC0FA0094E0F6 /* ScheduleView.swift in Sources */,
				1D530D1222841E4C00EAB306 /* MapArea.swift in Sources */,
				1D33CC86220F2BC800CF2A8E /* UIView+AppHelper.swift in Sources */,
				1D368F2321DD0DDA00E59C6F /* MainTabBarController.swift in Sources */,
				1D33CC8A221707E000CF2A8E /* WorkshopsInfoViewController.swift in Sources */,
				1D530D04227DED9000EAB306 /* Profile.swift in Sources */,
				1DB909E2217E0D75000DF8B7 /* SlideMenuViewController.swift in Sources */,
				73012A55215C81B300A90BAB /* LoginView.swift in Sources */,
				1D530CE022733B7800EAB306 /* ScheduleListView.swift in Sources */,
				1D530CF22274828F00EAB306 /* DelegatesProfileViewController.swift in Sources */,
				1D530CEC227437B600EAB306 /* DelegatesViewController.swift in Sources */,
				1D33CC882216F63D00CF2A8E /* WorkshopsInfoView.swift in Sources */,
				73FA95A8216B0AC900D46F6B /* ForgotPasswordView.swift in Sources */,
				733CA228214757AA0045A44A /* ViewController.swift in Sources */,
				1D530D142285B12300EAB306 /* MoreView.swift in Sources */,
				73FA95B6216EDB1000D46F6B /* DashboardView.swift in Sources */,
				1D33CC7821FF2EAD00CF2A8E /* WorkshopsView.swift in Sources */,
				1D530CFC227AF06000EAB306 /* Workshop.swift in Sources */,
				1DB909EC21873724000DF8B7 /* User.swift in Sources */,
				1DB909F0218C6737000DF8B7 /* UIViewController+AppHelper.swift in Sources */,
				732146A7217437A000C09E8E /* DashboardButton.swift in Sources */,
				1D33CC84220F22EC00CF2A8E /* WorkshopPopOverView.swift in Sources */,
				1DED0FE9226EB9220094E0F6 /* ScheduleViewController.swift in Sources */,
				1D530D02227DD56200EAB306 /* FamilyGroup.swift in Sources */,
				1D33CC7E21FF329800CF2A8E /* WorkshopsViewController.swift in Sources */,
				1D530D0822817C3000EAB306 /* DownloaderViewController.swift in Sources */,
				1D530CF02274827600EAB306 /* DelegatesProfileView.swift in Sources */,
				1D530CFA22787F8B00EAB306 /* GlobalConstant.swift in Sources */,
				1D530CEA227424A400EAB306 /* DelegateTableViewCell.swift in Sources */,
				1D530D0A2283136E00EAB306 /* MapView.swift in Sources */,
				1D530CEE227437CE00EAB306 /* DelegatesView.swift in Sources */,
				1D530D1A2285B4FD00EAB306 /* AboutView.swift in Sources */,
				1D530D0C2283137E00EAB306 /* MapViewController.swift in Sources */,
				1DED0FF0226EEFA90094E0F6 /* CommunityViewController.swift in Sources */,
				1D530D0E22840BD900EAB306 /* MapLegendTableViewCell.swift in Sources */,
				1DB909E82185FC8F000DF8B7 /* FirstTimeUserView.swift in Sources */,
				1D33CC6C21E8DD3D00CF2A8E /* SpeakersView.swift in Sources */,
				1D530CF62276ED3500EAB306 /* YourProfileView.swift in Sources */,
				733CA23A214758880045A44A /* HomeView.swift in Sources */,
				733CA226214757AA0045A44A /* AppDelegate.swift in Sources */,
				1D33CC802200009100CF2A8E /* WorkshopsTableViewCell.swift in Sources */,
				73FA95B8216EDB3200D46F6B /* DashboardViewController.swift in Sources */,
				1DB909EE218C66A7000DF8B7 /* AppHelper.swift in Sources */,
				73012A53215C819000A90BAB /* LoginViewController.swift in Sources */,
				1D33CC7221EF65C700CF2A8E /* SpeakersCollectionView.swift in Sources */,
				1D530CFE227C6C5D00EAB306 /* JSONCache.swift in Sources */,
				733CA238214758700045A44A /* HomeViewController.swift in Sources */,
				1D33CC7621F9747100CF2A8E /* SpeakersBioView.swift in Sources */,
				1DB909DF217E0D5C000DF8B7 /* SlideMenuView.swift in Sources */,
				1D530D182285B4E600EAB306 /* AboutViewController.swift in Sources */,
				1DB909E62185FC7A000DF8B7 /* FirstTimeUserViewController.swift in Sources */,
			);
			runOnlyForDeploymentPostprocessing = 0;
		};
/* End PBXSourcesBuildPhase section */

/* Begin PBXVariantGroup section */
		733CA229214757AA0045A44A /* Main.storyboard */ = {
			isa = PBXVariantGroup;
			children = (
				733CA22A214757AA0045A44A /* Base */,
			);
			name = Main.storyboard;
			sourceTree = "<group>";
		};
		733CA22E214757AC0045A44A /* LaunchScreen.storyboard */ = {
			isa = PBXVariantGroup;
			children = (
				733CA22F214757AC0045A44A /* Base */,
			);
			name = LaunchScreen.storyboard;
			sourceTree = "<group>";
		};
/* End PBXVariantGroup section */

/* Begin XCBuildConfiguration section */
		733CA232214757AC0045A44A /* Debug */ = {
			isa = XCBuildConfiguration;
			buildSettings = {
				ALWAYS_SEARCH_USER_PATHS = NO;
				CLANG_ANALYZER_NONNULL = YES;
				CLANG_ANALYZER_NUMBER_OBJECT_CONVERSION = YES_AGGRESSIVE;
				CLANG_CXX_LANGUAGE_STANDARD = "gnu++14";
				CLANG_CXX_LIBRARY = "libc++";
				CLANG_ENABLE_MODULES = YES;
				CLANG_ENABLE_OBJC_ARC = YES;
				CLANG_ENABLE_OBJC_WEAK = YES;
				CLANG_WARN_BLOCK_CAPTURE_AUTORELEASING = YES;
				CLANG_WARN_BOOL_CONVERSION = YES;
				CLANG_WARN_COMMA = YES;
				CLANG_WARN_CONSTANT_CONVERSION = YES;
				CLANG_WARN_DEPRECATED_OBJC_IMPLEMENTATIONS = YES;
				CLANG_WARN_DIRECT_OBJC_ISA_USAGE = YES_ERROR;
				CLANG_WARN_DOCUMENTATION_COMMENTS = YES;
				CLANG_WARN_EMPTY_BODY = YES;
				CLANG_WARN_ENUM_CONVERSION = YES;
				CLANG_WARN_INFINITE_RECURSION = YES;
				CLANG_WARN_INT_CONVERSION = YES;
				CLANG_WARN_NON_LITERAL_NULL_CONVERSION = YES;
				CLANG_WARN_OBJC_IMPLICIT_RETAIN_SELF = YES;
				CLANG_WARN_OBJC_LITERAL_CONVERSION = YES;
				CLANG_WARN_OBJC_ROOT_CLASS = YES_ERROR;
				CLANG_WARN_RANGE_LOOP_ANALYSIS = YES;
				CLANG_WARN_STRICT_PROTOTYPES = YES;
				CLANG_WARN_SUSPICIOUS_MOVE = YES;
				CLANG_WARN_UNGUARDED_AVAILABILITY = YES_AGGRESSIVE;
				CLANG_WARN_UNREACHABLE_CODE = YES;
				CLANG_WARN__DUPLICATE_METHOD_MATCH = YES;
				CODE_SIGN_IDENTITY = "iPhone Developer";
				COPY_PHASE_STRIP = NO;
				DEBUG_INFORMATION_FORMAT = dwarf;
				ENABLE_STRICT_OBJC_MSGSEND = YES;
				ENABLE_TESTABILITY = YES;
				GCC_C_LANGUAGE_STANDARD = gnu11;
				GCC_DYNAMIC_NO_PIC = NO;
				GCC_NO_COMMON_BLOCKS = YES;
				GCC_OPTIMIZATION_LEVEL = 0;
				GCC_PREPROCESSOR_DEFINITIONS = (
					"DEBUG=1",
					"$(inherited)",
				);
				GCC_WARN_64_TO_32_BIT_CONVERSION = YES;
				GCC_WARN_ABOUT_RETURN_TYPE = YES_ERROR;
				GCC_WARN_UNDECLARED_SELECTOR = YES;
				GCC_WARN_UNINITIALIZED_AUTOS = YES_AGGRESSIVE;
				GCC_WARN_UNUSED_FUNCTION = YES;
				GCC_WARN_UNUSED_VARIABLE = YES;
				IPHONEOS_DEPLOYMENT_TARGET = 11.4;
				MTL_ENABLE_DEBUG_INFO = YES;
				ONLY_ACTIVE_ARCH = YES;
				SDKROOT = iphoneos;
				SWIFT_ACTIVE_COMPILATION_CONDITIONS = DEBUG;
				SWIFT_OPTIMIZATION_LEVEL = "-Onone";
			};
			name = Debug;
		};
		733CA233214757AC0045A44A /* Release */ = {
			isa = XCBuildConfiguration;
			buildSettings = {
				ALWAYS_SEARCH_USER_PATHS = NO;
				CLANG_ANALYZER_NONNULL = YES;
				CLANG_ANALYZER_NUMBER_OBJECT_CONVERSION = YES_AGGRESSIVE;
				CLANG_CXX_LANGUAGE_STANDARD = "gnu++14";
				CLANG_CXX_LIBRARY = "libc++";
				CLANG_ENABLE_MODULES = YES;
				CLANG_ENABLE_OBJC_ARC = YES;
				CLANG_ENABLE_OBJC_WEAK = YES;
				CLANG_WARN_BLOCK_CAPTURE_AUTORELEASING = YES;
				CLANG_WARN_BOOL_CONVERSION = YES;
				CLANG_WARN_COMMA = YES;
				CLANG_WARN_CONSTANT_CONVERSION = YES;
				CLANG_WARN_DEPRECATED_OBJC_IMPLEMENTATIONS = YES;
				CLANG_WARN_DIRECT_OBJC_ISA_USAGE = YES_ERROR;
				CLANG_WARN_DOCUMENTATION_COMMENTS = YES;
				CLANG_WARN_EMPTY_BODY = YES;
				CLANG_WARN_ENUM_CONVERSION = YES;
				CLANG_WARN_INFINITE_RECURSION = YES;
				CLANG_WARN_INT_CONVERSION = YES;
				CLANG_WARN_NON_LITERAL_NULL_CONVERSION = YES;
				CLANG_WARN_OBJC_IMPLICIT_RETAIN_SELF = YES;
				CLANG_WARN_OBJC_LITERAL_CONVERSION = YES;
				CLANG_WARN_OBJC_ROOT_CLASS = YES_ERROR;
				CLANG_WARN_RANGE_LOOP_ANALYSIS = YES;
				CLANG_WARN_STRICT_PROTOTYPES = YES;
				CLANG_WARN_SUSPICIOUS_MOVE = YES;
				CLANG_WARN_UNGUARDED_AVAILABILITY = YES_AGGRESSIVE;
				CLANG_WARN_UNREACHABLE_CODE = YES;
				CLANG_WARN__DUPLICATE_METHOD_MATCH = YES;
				CODE_SIGN_IDENTITY = "iPhone Distribution: Arvin Jay Sumalbag (DA9YLAH7L4)";
				COPY_PHASE_STRIP = NO;
				DEBUG_INFORMATION_FORMAT = "dwarf-with-dsym";
				ENABLE_NS_ASSERTIONS = NO;
				ENABLE_STRICT_OBJC_MSGSEND = YES;
				GCC_C_LANGUAGE_STANDARD = gnu11;
				GCC_NO_COMMON_BLOCKS = YES;
				GCC_WARN_64_TO_32_BIT_CONVERSION = YES;
				GCC_WARN_ABOUT_RETURN_TYPE = YES_ERROR;
				GCC_WARN_UNDECLARED_SELECTOR = YES;
				GCC_WARN_UNINITIALIZED_AUTOS = YES_AGGRESSIVE;
				GCC_WARN_UNUSED_FUNCTION = YES;
				GCC_WARN_UNUSED_VARIABLE = YES;
				IPHONEOS_DEPLOYMENT_TARGET = 11.4;
				MTL_ENABLE_DEBUG_INFO = NO;
				SDKROOT = iphoneos;
				SWIFT_COMPILATION_MODE = wholemodule;
				SWIFT_OPTIMIZATION_LEVEL = "-O";
				VALIDATE_PRODUCT = YES;
			};
			name = Release;
		};
		733CA235214757AC0045A44A /* Debug */ = {
			isa = XCBuildConfiguration;
			baseConfigurationReference = 5EA4A24F6EC0E790B38AE5AB /* Pods-iDiscipleApp.debug.xcconfig */;
			buildSettings = {
				ASSETCATALOG_COMPILER_APPICON_NAME = AppIcon;
				CODE_SIGN_IDENTITY = "iPhone Developer: Arvin Jay Sumalbag (S399UC4J99)";
				CODE_SIGN_STYLE = Manual;
				DEVELOPMENT_TEAM = DA9YLAH7L4;
				INFOPLIST_FILE = iDiscipleApp/Info.plist;
				IPHONEOS_DEPLOYMENT_TARGET = 11.0;
				LD_RUNPATH_SEARCH_PATHS = (
					"$(inherited)",
					"@executable_path/Frameworks",
				);
				PRODUCT_BUNDLE_IDENTIFIER = com.idiscipleph.iDisciplePhApp;
				PRODUCT_NAME = "$(TARGET_NAME)";
				PROVISIONING_PROFILE_SPECIFIER = iDisciplePhAppDistributionProfile;
				SWIFT_VERSION = 5.0;
				TARGETED_DEVICE_FAMILY = 1;
			};
			name = Debug;
		};
		733CA236214757AC0045A44A /* Release */ = {
			isa = XCBuildConfiguration;
			baseConfigurationReference = 8A677C7C27A2039E276CE408 /* Pods-iDiscipleApp.release.xcconfig */;
			buildSettings = {
				ASSETCATALOG_COMPILER_APPICON_NAME = AppIcon;
				CODE_SIGN_STYLE = Manual;
				DEVELOPMENT_TEAM = DA9YLAH7L4;
				INFOPLIST_FILE = iDiscipleApp/Info.plist;
				IPHONEOS_DEPLOYMENT_TARGET = 11.0;
				LD_RUNPATH_SEARCH_PATHS = (
					"$(inherited)",
					"@executable_path/Frameworks",
				);
				PRODUCT_BUNDLE_IDENTIFIER = com.idiscipleph.iDisciplePhApp;
				PRODUCT_NAME = "$(TARGET_NAME)";
				PROVISIONING_PROFILE_SPECIFIER = iDisciplePhAppDistributionProfile;
				SWIFT_VERSION = 5.0;
				TARGETED_DEVICE_FAMILY = 1;
			};
			name = Release;
		};
/* End XCBuildConfiguration section */

/* Begin XCConfigurationList section */
		733CA21D214757AA0045A44A /* Build configuration list for PBXProject "iDiscipleApp" */ = {
			isa = XCConfigurationList;
			buildConfigurations = (
				733CA232214757AC0045A44A /* Debug */,
				733CA233214757AC0045A44A /* Release */,
			);
			defaultConfigurationIsVisible = 0;
			defaultConfigurationName = Release;
		};
		733CA234214757AC0045A44A /* Build configuration list for PBXNativeTarget "iDiscipleApp" */ = {
			isa = XCConfigurationList;
			buildConfigurations = (
				733CA235214757AC0045A44A /* Debug */,
				733CA236214757AC0045A44A /* Release */,
			);
			defaultConfigurationIsVisible = 0;
			defaultConfigurationName = Release;
		};
/* End XCConfigurationList section */
	};
	rootObject = 733CA21A214757AA0045A44A /* Project object */;
}
